
Microsoft Visual Studio Solution File, Format Version 12.00
# Visual Studio Version 17
VisualStudioVersion = 17.9.34728.123
MinimumVisualStudioVersion = 10.0.40219.1
Project("{9A19103F-16F7-4668-BE54-9A1E7A4F7556}") = "Deposito", "Deposito\Deposito.csproj", "{E13AE293-BE2B-43FB-8BB1-9F9ECB2EF6D3}"
	ProjectSection(ProjectDependencies) = postProject
		{4A554936-7734-40F9-8001-1A48B3888304} = {4A554936-7734-40F9-8001-1A48B3888304}
		{DB918C64-590C-4886-8401-F6C88870554B} = {DB918C64-590C-4886-8401-F6C88870554B}
		{F14CF9FB-D5BA-46BB-9CAA-E38CE20001EC} = {F14CF9FB-D5BA-46BB-9CAA-E38CE20001EC}
	EndProjectSection
EndProject
Project("{9A19103F-16F7-4668-BE54-9A1E7A4F7556}") = "Users", "Users\Users.csproj", "{12FB7080-77F8-4E95-A975-BFD68B5903F6}"
EndProject
Project("{9A19103F-16F7-4668-BE54-9A1E7A4F7556}") = "Product", "Product\Product.csproj", "{E5489351-886D-4817-9C0B-48BC54160BE0}"
EndProject
Project("{9A19103F-16F7-4668-BE54-9A1E7A4F7556}") = "Client", "Client\Client.csproj", "{4A554936-7734-40F9-8001-1A48B3888304}"
EndProject
Project("{9A19103F-16F7-4668-BE54-9A1E7A4F7556}") = "Suppliers", "Suppliers\Suppliers.csproj", "{F14CF9FB-D5BA-46BB-9CAA-E38CE20001EC}"
EndProject
Project("{FAE04EC0-301F-11D3-BF4B-00C04F79EFBC}") = "MainSite", "MainSite\MainSite.csproj", "{DB918C64-590C-4886-8401-F6C88870554B}"
EndProject
Global
	GlobalSection(SolutionConfigurationPlatforms) = preSolution
		Debug|Any CPU = Debug|Any CPU
		Release|Any CPU = Release|Any CPU
	EndGlobalSection
	GlobalSection(ProjectConfigurationPlatforms) = postSolution
		{E13AE293-BE2B-43FB-8BB1-9F9ECB2EF6D3}.Debug|Any CPU.ActiveCfg = Debug|Any CPU
		{E13AE293-BE2B-43FB-8BB1-9F9ECB2EF6D3}.Debug|Any CPU.Build.0 = Debug|Any CPU
		{E13AE293-BE2B-43FB-8BB1-9F9ECB2EF6D3}.Release|Any CPU.ActiveCfg = Release|Any CPU
		{E13AE293-BE2B-43FB-8BB1-9F9ECB2EF6D3}.Release|Any CPU.Build.0 = Release|Any CPU
		{12FB7080-77F8-4E95-A975-BFD68B5903F6}.Debug|Any CPU.ActiveCfg = Debug|Any CPU
		{12FB7080-77F8-4E95-A975-BFD68B5903F6}.Debug|Any CPU.Build.0 = Debug|Any CPU
		{12FB7080-77F8-4E95-A975-BFD68B5903F6}.Release|Any CPU.ActiveCfg = Release|Any CPU
		{12FB7080-77F8-4E95-A975-BFD68B5903F6}.Release|Any CPU.Build.0 = Release|Any CPU
		{E5489351-886D-4817-9C0B-48BC54160BE0}.Debug|Any CPU.ActiveCfg = Debug|Any CPU
		{E5489351-886D-4817-9C0B-48BC54160BE0}.Debug|Any CPU.Build.0 = Debug|Any CPU
		{E5489351-886D-4817-9C0B-48BC54160BE0}.Release|Any CPU.ActiveCfg = Release|Any CPU
		{E5489351-886D-4817-9C0B-48BC54160BE0}.Release|Any CPU.Build.0 = Release|Any CPU
		{4A554936-7734-40F9-8001-1A48B3888304}.Debug|Any CPU.ActiveCfg = Debug|Any CPU
		{4A554936-7734-40F9-8001-1A48B3888304}.Debug|Any CPU.Build.0 = Debug|Any CPU
		{4A554936-7734-40F9-8001-1A48B3888304}.Release|Any CPU.ActiveCfg = Release|Any CPU
		{4A554936-7734-40F9-8001-1A48B3888304}.Release|Any CPU.Build.0 = Release|Any CPU
		{F14CF9FB-D5BA-46BB-9CAA-E38CE20001EC}.Debug|Any CPU.ActiveCfg = Debug|Any CPU
		{F14CF9FB-D5BA-46BB-9CAA-E38CE20001EC}.Debug|Any CPU.Build.0 = Debug|Any CPU
		{F14CF9FB-D5BA-46BB-9CAA-E38CE20001EC}.Release|Any CPU.ActiveCfg = Release|Any CPU
		{F14CF9FB-D5BA-46BB-9CAA-E38CE20001EC}.Release|Any CPU.Build.0 = Release|Any CPU
		{DB918C64-590C-4886-8401-F6C88870554B}.Debug|Any CPU.ActiveCfg = Debug|Any CPU
		{DB918C64-590C-4886-8401-F6C88870554B}.Debug|Any CPU.Build.0 = Debug|Any CPU
		{DB918C64-590C-4886-8401-F6C88870554B}.Release|Any CPU.ActiveCfg = Release|Any CPU
		{DB918C64-590C-4886-8401-F6C88870554B}.Release|Any CPU.Build.0 = Release|Any CPU
	EndGlobalSection
	GlobalSection(SolutionProperties) = preSolution
		HideSolutionNode = FALSE
	EndGlobalSection
	GlobalSection(ExtensibilityGlobals) = postSolution
		SolutionGuid = {922B9BA8-04C9-4CF7-9052-CE7361D49A83}
	EndGlobalSection
EndGlobal
