
Microsoft Visual Studio Solution File, Format Version 12.00
# Visual Studio Version 17
VisualStudioVersion = 17.9.34728.123
MinimumVisualStudioVersion = 10.0.40219.1
Project("{9A19103F-16F7-4668-BE54-9A1E7A4F7556}") = "Deposito.Shared.Data", "Deposito.Shared.Data\Deposito.Shared.Data.csproj", "{0E4B1BDA-9918-4965-ACAC-A0733C097AD5}"
EndProject
Project("{9A19103F-16F7-4668-BE54-9A1E7A4F7556}") = "Deposito.Shared.Models", "Deposito.Shared.Models\Deposito.Shared.Models.csproj", "{DE02DCCB-C6A1-40D4-BBB4-DB4488BFA595}"
EndProject
Project("{9A19103F-16F7-4668-BE54-9A1E7A4F7556}") = "Deposit.Api", "Deposit.Api\Deposit.Api.csproj", "{C1103B21-2051-493C-88D9-ED067E2AC9D2}"
EndProject
Project("{FAE04EC0-301F-11D3-BF4B-00C04F79EFBC}") = "Deposito.Web", "Deposito.Web\Deposito.Web.csproj", "{F29F5060-CBBB-4574-9692-986DF0362D14}"
EndProject
Global
	GlobalSection(SolutionConfigurationPlatforms) = preSolution
		Debug|Any CPU = Debug|Any CPU
		Release|Any CPU = Release|Any CPU
	EndGlobalSection
	GlobalSection(ProjectConfigurationPlatforms) = postSolution
		{0E4B1BDA-9918-4965-ACAC-A0733C097AD5}.Debug|Any CPU.ActiveCfg = Debug|Any CPU
		{0E4B1BDA-9918-4965-ACAC-A0733C097AD5}.Debug|Any CPU.Build.0 = Debug|Any CPU
		{0E4B1BDA-9918-4965-ACAC-A0733C097AD5}.Release|Any CPU.ActiveCfg = Release|Any CPU
		{0E4B1BDA-9918-4965-ACAC-A0733C097AD5}.Release|Any CPU.Build.0 = Release|Any CPU
		{DE02DCCB-C6A1-40D4-BBB4-DB4488BFA595}.Debug|Any CPU.ActiveCfg = Debug|Any CPU
		{DE02DCCB-C6A1-40D4-BBB4-DB4488BFA595}.Debug|Any CPU.Build.0 = Debug|Any CPU
		{DE02DCCB-C6A1-40D4-BBB4-DB4488BFA595}.Release|Any CPU.ActiveCfg = Release|Any CPU
		{DE02DCCB-C6A1-40D4-BBB4-DB4488BFA595}.Release|Any CPU.Build.0 = Release|Any CPU
		{C1103B21-2051-493C-88D9-ED067E2AC9D2}.Debug|Any CPU.ActiveCfg = Debug|Any CPU
		{C1103B21-2051-493C-88D9-ED067E2AC9D2}.Debug|Any CPU.Build.0 = Debug|Any CPU
		{C1103B21-2051-493C-88D9-ED067E2AC9D2}.Release|Any CPU.ActiveCfg = Release|Any CPU
		{C1103B21-2051-493C-88D9-ED067E2AC9D2}.Release|Any CPU.Build.0 = Release|Any CPU
		{F29F5060-CBBB-4574-9692-986DF0362D14}.Debug|Any CPU.ActiveCfg = Debug|Any CPU
		{F29F5060-CBBB-4574-9692-986DF0362D14}.Debug|Any CPU.Build.0 = Debug|Any CPU
		{F29F5060-CBBB-4574-9692-986DF0362D14}.Release|Any CPU.ActiveCfg = Release|Any CPU
		{F29F5060-CBBB-4574-9692-986DF0362D14}.Release|Any CPU.Build.0 = Release|Any CPU
	EndGlobalSection
	GlobalSection(SolutionProperties) = preSolution
		HideSolutionNode = FALSE
	EndGlobalSection
	GlobalSection(ExtensibilityGlobals) = postSolution
		SolutionGuid = {922B9BA8-04C9-4CF7-9052-CE7361D49A83}
	EndGlobalSection
EndGlobal
